// !$*UTF8*$!
{
	archiveVersion = 1;
	classes = {
	};
	objectVersion = 46;
	objects = {

/* Begin PBXBuildFile section */
		364B9EE81AD898DD000660F4 /* AppDelegate.swift in Sources */ = {isa = PBXBuildFile; fileRef = 364B9EE71AD898DD000660F4 /* AppDelegate.swift */; };
		364B9EEA1AD898DD000660F4 /* ViewController.swift in Sources */ = {isa = PBXBuildFile; fileRef = 364B9EE91AD898DD000660F4 /* ViewController.swift */; };
		364B9EED1AD898DD000660F4 /* Main.storyboard in Resources */ = {isa = PBXBuildFile; fileRef = 364B9EEB1AD898DD000660F4 /* Main.storyboard */; };
		364B9EEF1AD898DD000660F4 /* Images.xcassets in Resources */ = {isa = PBXBuildFile; fileRef = 364B9EEE1AD898DD000660F4 /* Images.xcassets */; };
		364B9EF21AD898DD000660F4 /* LaunchScreen.xib in Resources */ = {isa = PBXBuildFile; fileRef = 364B9EF01AD898DD000660F4 /* LaunchScreen.xib */; };
		364B9EFE1AD898DD000660F4 /* LaikaTests.swift in Sources */ = {isa = PBXBuildFile; fileRef = 364B9EFD1AD898DD000660F4 /* LaikaTests.swift */; };
/* End PBXBuildFile section */

/* Begin PBXContainerItemProxy section */
		364B9EF81AD898DD000660F4 /* PBXContainerItemProxy */ = {
			isa = PBXContainerItemProxy;
			containerPortal = 364B9EDA1AD898DC000660F4 /* Project object */;
			proxyType = 1;
			remoteGlobalIDString = 364B9EE11AD898DC000660F4;
			remoteInfo = Laika;
		};
/* End PBXContainerItemProxy section */

/* Begin PBXFileReference section */
		364B9EE21AD898DC000660F4 /* Laika.app */ = {isa = PBXFileReference; explicitFileType = wrapper.application; includeInIndex = 0; path = Laika.app; sourceTree = BUILT_PRODUCTS_DIR; };
		364B9EE61AD898DC000660F4 /* Info.plist */ = {isa = PBXFileReference; lastKnownFileType = text.plist.xml; path = Info.plist; sourceTree = "<group>"; };
		364B9EE71AD898DD000660F4 /* AppDelegate.swift */ = {isa = PBXFileReference; lastKnownFileType = sourcecode.swift; path = AppDelegate.swift; sourceTree = "<group>"; };
		364B9EE91AD898DD000660F4 /* ViewController.swift */ = {isa = PBXFileReference; lastKnownFileType = sourcecode.swift; path = ViewController.swift; sourceTree = "<group>"; };
		364B9EEC1AD898DD000660F4 /* Base */ = {isa = PBXFileReference; lastKnownFileType = file.storyboard; name = Base; path = Base.lproj/Main.storyboard; sourceTree = "<group>"; };
		364B9EEE1AD898DD000660F4 /* Images.xcassets */ = {isa = PBXFileReference; lastKnownFileType = folder.assetcatalog; path = Images.xcassets; sourceTree = "<group>"; };
		364B9EF11AD898DD000660F4 /* Base */ = {isa = PBXFileReference; lastKnownFileType = file.xib; name = Base; path = Base.lproj/LaunchScreen.xib; sourceTree = "<group>"; };
		364B9EF71AD898DD000660F4 /* LaikaTests.xctest */ = {isa = PBXFileReference; explicitFileType = wrapper.cfbundle; includeInIndex = 0; path = LaikaTests.xctest; sourceTree = BUILT_PRODUCTS_DIR; };
		364B9EFC1AD898DD000660F4 /* Info.plist */ = {isa = PBXFileReference; lastKnownFileType = text.plist.xml; path = Info.plist; sourceTree = "<group>"; };
		364B9EFD1AD898DD000660F4 /* LaikaTests.swift */ = {isa = PBXFileReference; lastKnownFileType = sourcecode.swift; path = LaikaTests.swift; sourceTree = "<group>"; };
/* End PBXFileReference section */

/* Begin PBXFrameworksBuildPhase section */
		364B9EDF1AD898DC000660F4 /* Frameworks */ = {
			isa = PBXFrameworksBuildPhase;
			buildActionMask = 2147483647;
			files = (
			);
			runOnlyForDeploymentPostprocessing = 0;
		};
		364B9EF41AD898DD000660F4 /* Frameworks */ = {
			isa = PBXFrameworksBuildPhase;
			buildActionMask = 2147483647;
			files = (
			);
			runOnlyForDeploymentPostprocessing = 0;
		};
/* End PBXFrameworksBuildPhase section */

/* Begin PBXGroup section */
		364B9ED91AD898DC000660F4 = {
			isa = PBXGroup;
			children = (
				364B9EE41AD898DC000660F4 /* Laika */,
				364B9EFA1AD898DD000660F4 /* LaikaTests */,
				364B9EE31AD898DC000660F4 /* Products */,
			);
			sourceTree = "<group>";
		};
		364B9EE31AD898DC000660F4 /* Products */ = {
			isa = PBXGroup;
			children = (
				364B9EE21AD898DC000660F4 /* Laika.app */,
				364B9EF71AD898DD000660F4 /* LaikaTests.xctest */,
			);
			name = Products;
			sourceTree = "<group>";
		};
		364B9EE41AD898DC000660F4 /* Laika */ = {
			isa = PBXGroup;
			children = (
				364B9EE71AD898DD000660F4 /* AppDelegate.swift */,
				364B9EE91AD898DD000660F4 /* ViewController.swift */,
				364B9EEB1AD898DD000660F4 /* Main.storyboard */,
				364B9EEE1AD898DD000660F4 /* Images.xcassets */,
				364B9EF01AD898DD000660F4 /* LaunchScreen.xib */,
				364B9EE51AD898DC000660F4 /* Supporting Files */,
			);
			path = Laika;
			sourceTree = "<group>";
		};
		364B9EE51AD898DC000660F4 /* Supporting Files */ = {
			isa = PBXGroup;
			children = (
				364B9EE61AD898DC000660F4 /* Info.plist */,
			);
			name = "Supporting Files";
			sourceTree = "<group>";
		};
		364B9EFA1AD898DD000660F4 /* LaikaTests */ = {
			isa = PBXGroup;
			children = (
				364B9EFD1AD898DD000660F4 /* LaikaTests.swift */,
				364B9EFB1AD898DD000660F4 /* Supporting Files */,
			);
			path = LaikaTests;
			sourceTree = "<group>";
		};
		364B9EFB1AD898DD000660F4 /* Supporting Files */ = {
			isa = PBXGroup;
			children = (
				364B9EFC1AD898DD000660F4 /* Info.plist */,
			);
			name = "Supporting Files";
			sourceTree = "<group>";
		};
/* End PBXGroup section */

/* Begin PBXNativeTarget section */
		364B9EE11AD898DC000660F4 /* Laika */ = {
			isa = PBXNativeTarget;
			buildConfigurationList = 364B9F011AD898DD000660F4 /* Build configuration list for PBXNativeTarget "Laika" */;
			buildPhases = (
				364B9EDE1AD898DC000660F4 /* Sources */,
				364B9EDF1AD898DC000660F4 /* Frameworks */,
				364B9EE01AD898DC000660F4 /* Resources */,
			);
			buildRules = (
			);
			dependencies = (
			);
			name = Laika;
			productName = Laika;
			productReference = 364B9EE21AD898DC000660F4 /* Laika.app */;
			productType = "com.apple.product-type.application";
		};
		364B9EF61AD898DD000660F4 /* LaikaTests */ = {
			isa = PBXNativeTarget;
			buildConfigurationList = 364B9F041AD898DD000660F4 /* Build configuration list for PBXNativeTarget "LaikaTests" */;
			buildPhases = (
				364B9EF31AD898DD000660F4 /* Sources */,
				364B9EF41AD898DD000660F4 /* Frameworks */,
				364B9EF51AD898DD000660F4 /* Resources */,
			);
			buildRules = (
			);
			dependencies = (
				364B9EF91AD898DD000660F4 /* PBXTargetDependency */,
			);
			name = LaikaTests;
			productName = LaikaTests;
			productReference = 364B9EF71AD898DD000660F4 /* LaikaTests.xctest */;
			productType = "com.apple.product-type.bundle.unit-test";
		};
/* End PBXNativeTarget section */

/* Begin PBXProject section */
		364B9EDA1AD898DC000660F4 /* Project object */ = {
			isa = PBXProject;
			attributes = {
				LastUpgradeCheck = 0630;
				ORGANIZATIONNAME = "Willie Strickland";
				TargetAttributes = {
					364B9EE11AD898DC000660F4 = {
						CreatedOnToolsVersion = 6.3;
					};
					364B9EF61AD898DD000660F4 = {
						CreatedOnToolsVersion = 6.3;
						TestTargetID = 364B9EE11AD898DC000660F4;
					};
				};
			};
			buildConfigurationList = 364B9EDD1AD898DC000660F4 /* Build configuration list for PBXProject "Laika" */;
			compatibilityVersion = "Xcode 3.2";
			developmentRegion = English;
			hasScannedForEncodings = 0;
			knownRegions = (
				en,
				Base,
			);
			mainGroup = 364B9ED91AD898DC000660F4;
			productRefGroup = 364B9EE31AD898DC000660F4 /* Products */;
			projectDirPath = "";
			projectRoot = "";
			targets = (
				364B9EE11AD898DC000660F4 /* Laika */,
				364B9EF61AD898DD000660F4 /* LaikaTests */,
			);
		};
/* End PBXProject section */

/* Begin PBXResourcesBuildPhase section */
		364B9EE01AD898DC000660F4 /* Resources */ = {
			isa = PBXResourcesBuildPhase;
			buildActionMask = 2147483647;
			files = (
				364B9EED1AD898DD000660F4 /* Main.storyboard in Resources */,
				364B9EF21AD898DD000660F4 /* LaunchScreen.xib in Resources */,
				364B9EEF1AD898DD000660F4 /* Images.xcassets in Resources */,
			);
			runOnlyForDeploymentPostprocessing = 0;
		};
		364B9EF51AD898DD000660F4 /* Resources */ = {
			isa = PBXResourcesBuildPhase;
			buildActionMask = 2147483647;
			files = (
			);
			runOnlyForDeploymentPostprocessing = 0;
		};
/* End PBXResourcesBuildPhase section */

/* Begin PBXSourcesBuildPhase section */
		364B9EDE1AD898DC000660F4 /* Sources */ = {
			isa = PBXSourcesBuildPhase;
			buildActionMask = 2147483647;
			files = (
				364B9EEA1AD898DD000660F4 /* ViewController.swift in Sources */,
				364B9EE81AD898DD000660F4 /* AppDelegate.swift in Sources */,
			);
			runOnlyForDeploymentPostprocessing = 0;
		};
		364B9EF31AD898DD000660F4 /* Sources */ = {
			isa = PBXSourcesBuildPhase;
			buildActionMask = 2147483647;
			files = (
				364B9EFE1AD898DD000660F4 /* LaikaTests.swift in Sources */,
			);
			runOnlyForDeploymentPostprocessing = 0;
		};
/* End PBXSourcesBuildPhase section */

/* Begin PBXTargetDependency section */
		364B9EF91AD898DD000660F4 /* PBXTargetDependency */ = {
			isa = PBXTargetDependency;
			target = 364B9EE11AD898DC000660F4 /* Laika */;
			targetProxy = 364B9EF81AD898DD000660F4 /* PBXContainerItemProxy */;
		};
/* End PBXTargetDependency section */

/* Begin PBXVariantGroup section */
		364B9EEB1AD898DD000660F4 /* Main.storyboard */ = {
			isa = PBXVariantGroup;
			children = (
				364B9EEC1AD898DD000660F4 /* Base */,
			);
			name = Main.storyboard;
			sourceTree = "<group>";
		};
		364B9EF01AD898DD000660F4 /* LaunchScreen.xib */ = {
			isa = PBXVariantGroup;
			children = (
				364B9EF11AD898DD000660F4 /* Base */,
			);
			name = LaunchScreen.xib;
			sourceTree = "<group>";
		};
/* End PBXVariantGroup section */

/* Begin XCBuildConfiguration section */
		364B9EFF1AD898DD000660F4 /* Debug */ = {
			isa = XCBuildConfiguration;
			buildSettings = {
				ALWAYS_SEARCH_USER_PATHS = NO;
				CLANG_CXX_LANGUAGE_STANDARD = "gnu++0x";
				CLANG_CXX_LIBRARY = "libc++";
				CLANG_ENABLE_MODULES = YES;
				CLANG_ENABLE_OBJC_ARC = YES;
				CLANG_WARN_BOOL_CONVERSION = YES;
				CLANG_WARN_CONSTANT_CONVERSION = YES;
				CLANG_WARN_DIRECT_OBJC_ISA_USAGE = YES_ERROR;
				CLANG_WARN_EMPTY_BODY = YES;
				CLANG_WARN_ENUM_CONVERSION = YES;
				CLANG_WARN_INT_CONVERSION = YES;
				CLANG_WARN_OBJC_ROOT_CLASS = YES_ERROR;
				CLANG_WARN_UNREACHABLE_CODE = YES;
				CLANG_WARN__DUPLICATE_METHOD_MATCH = YES;
				"CODE_SIGN_IDENTITY[sdk=iphoneos*]" = "iPhone Developer";
				COPY_PHASE_STRIP = NO;
				DEBUG_INFORMATION_FORMAT = "dwarf-with-dsym";
				ENABLE_STRICT_OBJC_MSGSEND = YES;
				GCC_C_LANGUAGE_STANDARD = gnu99;
				GCC_DYNAMIC_NO_PIC = NO;
				GCC_NO_COMMON_BLOCKS = YES;
				GCC_OPTIMIZATION_LEVEL = 0;
				GCC_PREPROCESSOR_DEFINITIONS = (
					"DEBUG=1",
					"$(inherited)",
				);
				GCC_SYMBOLS_PRIVATE_EXTERN = NO;
				GCC_WARN_64_TO_32_BIT_CONVERSION = YES;
				GCC_WARN_ABOUT_RETURN_TYPE = YES_ERROR;
				GCC_WARN_UNDECLARED_SELECTOR = YES;
				GCC_WARN_UNINITIALIZED_AUTOS = YES_AGGRESSIVE;
				GCC_WARN_UNUSED_FUNCTION = YES;
				GCC_WARN_UNUSED_VARIABLE = YES;
				IPHONEOS_DEPLOYMENT_TARGET = 8.3;
				MTL_ENABLE_DEBUG_INFO = YES;
				ONLY_ACTIVE_ARCH = YES;
				SDKROOT = iphoneos;
				SWIFT_OPTIMIZATION_LEVEL = "-Onone";
				TARGETED_DEVICE_FAMILY = "1,2";
			};
			name = Debug;
		};
		364B9F001AD898DD000660F4 /* Release */ = {
			isa = XCBuildConfiguration;
			buildSettings = {
				ALWAYS_SEARCH_USER_PATHS = NO;
				CLANG_CXX_LANGUAGE_STANDARD = "gnu++0x";
				CLANG_CXX_LIBRARY = "libc++";
				CLANG_ENABLE_MODULES = YES;
				CLANG_ENABLE_OBJC_ARC = YES;
				CLANG_WARN_BOOL_CONVERSION = YES;
				CLANG_WARN_CONSTANT_CONVERSION = YES;
				CLANG_WARN_DIRECT_OBJC_ISA_USAGE = YES_ERROR;
				CLANG_WARN_EMPTY_BODY = YES;
				CLANG_WARN_ENUM_CONVERSION = YES;
				CLANG_WARN_INT_CONVERSION = YES;
				CLANG_WARN_OBJC_ROOT_CLASS = YES_ERROR;
				CLANG_WARN_UNREACHABLE_CODE = YES;
				CLANG_WARN__DUPLICATE_METHOD_MATCH = YES;
				"CODE_SIGN_IDENTITY[sdk=iphoneos*]" = "iPhone Developer";
				COPY_PHASE_STRIP = NO;
				DEBUG_INFORMATION_FORMAT = "dwarf-with-dsym";
				ENABLE_NS_ASSERTIONS = NO;
				ENABLE_STRICT_OBJC_MSGSEND = YES;
				GCC_C_LANGUAGE_STANDARD = gnu99;
				GCC_NO_COMMON_BLOCKS = YES;
				GCC_WARN_64_TO_32_BIT_CONVERSION = YES;
				GCC_WARN_ABOUT_RETURN_TYPE = YES_ERROR;
				GCC_WARN_UNDECLARED_SELECTOR = YES;
				GCC_WARN_UNINITIALIZED_AUTOS = YES_AGGRESSIVE;
				GCC_WARN_UNUSED_FUNCTION = YES;
				GCC_WARN_UNUSED_VARIABLE = YES;
				IPHONEOS_DEPLOYMENT_TARGET = 8.3;
				MTL_ENABLE_DEBUG_INFO = NO;
				SDKROOT = iphoneos;
				TARGETED_DEVICE_FAMILY = "1,2";
				VALIDATE_PRODUCT = YES;
			};
			name = Release;
		};
		364B9F021AD898DD000660F4 /* Debug */ = {
			isa = XCBuildConfiguration;
			buildSettings = {
				ASSETCATALOG_COMPILER_APPICON_NAME = AppIcon;
				INFOPLIST_FILE = Laika/Info.plist;
				LD_RUNPATH_SEARCH_PATHS = "$(inherited) @executable_path/Frameworks";
				PRODUCT_NAME = "$(TARGET_NAME)";
			};
			name = Debug;
		};
		364B9F031AD898DD000660F4 /* Release */ = {
			isa = XCBuildConfiguration;
			buildSettings = {
				ASSETCATALOG_COMPILER_APPICON_NAME = AppIcon;
				INFOPLIST_FILE = Laika/Info.plist;
				LD_RUNPATH_SEARCH_PATHS = "$(inherited) @executable_path/Frameworks";
				PRODUCT_NAME = "$(TARGET_NAME)";
			};
			name = Release;
		};
		364B9F051AD898DD000660F4 /* Debug */ = {
			isa = XCBuildConfiguration;
			buildSettings = {
				BUNDLE_LOADER = "$(TEST_HOST)";
				FRAMEWORK_SEARCH_PATHS = (
					"$(SDKROOT)/Developer/Library/Frameworks",
					"$(inherited)",
				);
				GCC_PREPROCESSOR_DEFINITIONS = (
					"DEBUG=1",
					"$(inherited)",
				);
				INFOPLIST_FILE = LaikaTests/Info.plist;
				LD_RUNPATH_SEARCH_PATHS = "$(inherited) @executable_path/Frameworks @loader_path/Frameworks";
				PRODUCT_NAME = "$(TARGET_NAME)";
				TEST_HOST = "$(BUILT_PRODUCTS_DIR)/Laika.app/Laika";
			};
			name = Debug;
		};
		364B9F061AD898DD000660F4 /* Release */ = {
			isa = XCBuildConfiguration;
			buildSettings = {
				BUNDLE_LOADER = "$(TEST_HOST)";
				FRAMEWORK_SEARCH_PATHS = (
					"$(SDKROOT)/Developer/Library/Frameworks",
					"$(inherited)",
				);
				INFOPLIST_FILE = LaikaTests/Info.plist;
				LD_RUNPATH_SEARCH_PATHS = "$(inherited) @executable_path/Frameworks @loader_path/Frameworks";
				PRODUCT_NAME = "$(TARGET_NAME)";
				TEST_HOST = "$(BUILT_PRODUCTS_DIR)/Laika.app/Laika";
			};
			name = Release;
		};
/* End XCBuildConfiguration section */

/* Begin XCConfigurationList section */
		364B9EDD1AD898DC000660F4 /* Build configuration list for PBXProject "Laika" */ = {
			isa = XCConfigurationList;
			buildConfigurations = (
				364B9EFF1AD898DD000660F4 /* Debug */,
				364B9F001AD898DD000660F4 /* Release */,
			);
			defaultConfigurationIsVisible = 0;
			defaultConfigurationName = Release;
		};
		364B9F011AD898DD000660F4 /* Build configuration list for PBXNativeTarget "Laika" */ = {
			isa = XCConfigurationList;
			buildConfigurations = (
				364B9F021AD898DD000660F4 /* Debug */,
				364B9F031AD898DD000660F4 /* Release */,
			);
			defaultConfigurationIsVisible = 0;
		};
		364B9F041AD898DD000660F4 /* Build configuration list for PBXNativeTarget "LaikaTests" */ = {
			isa = XCConfigurationList;
			buildConfigurations = (
				364B9F051AD898DD000660F4 /* Debug */,
				364B9F061AD898DD000660F4 /* Release */,
			);
			defaultConfigurationIsVisible = 0;
		};
/* End XCConfigurationList section */
	};
	rootObject = 364B9EDA1AD898DC000660F4 /* Project object */;
}
